name: Update Composer Lock File

# Controls when the workflow will run
on:
  push:
    paths:
      - 'composer.json'
  workflow_dispatch: # Allows manual triggering from the Actions tab

jobs:
  update-composer-lock:
    runs-on: ubuntu-latest

    # Grant GITHUB_TOKEN permissions to write to the repository
    permissions:
      contents: write

    steps:
      - name: Checkout repository
        uses: actions/checkout@v4
        with:
          # Fetch all history for all branches and tags so git diff/push works as expected
          fetch-depth: 0
          # If you want to commit to a specific branch, checkout that branch:
          # ref: 'main' # Or your desired branch

      - name: Setup PHP
        uses: shivammathur/setup-php@v2
        with:
          php-version: '8.2' # Specify your project's PHP version
          extensions: mbstring, xml, dom, zip # Add any other extensions your project needs
          tools: composer # This will install the latest stable composer

      - name: Get Composer Cache Directory
        id: composer-cache
        run: |
          echo "dir=$(composer config cache-files-dir)" >> $GITHUB_OUTPUT

      - name: Cache Composer dependencies
        uses: actions/cache@v4
        with:
          path: ${{ steps.composer-cache.outputs.dir }}
          key: ${{ runner.os }}-composer-${{ hashFiles('**/composer.lock') }}
          restore-keys: |
            ${{ runner.os }}-composer-

      - name: Run Composer Update
        run: composer update --no-interaction --prefer-dist --optimize-autoloader --with-all-dependencies
        # Add --no-dev if you only want to update production dependencies in the lock file
        # e.g., composer update --no-dev --no-interaction --prefer-dist --optimize-autoloader

      - name: Commit and push changes
        env:
          GIT_AUTHOR_NAME: "github-actions[bot]"
          GIT_AUTHOR_EMAIL: "github-actions[bot]@users.noreply.github.com"
          GIT_COMMITTER_NAME: "github-actions[bot]"
          GIT_COMMITTER_EMAIL: "github-actions[bot]@users.noreply.github.com"
        run: |
          git config --global user.name "${GIT_AUTHOR_NAME}"
          git config --global user.email "${GIT_AUTHOR_EMAIL}"

          # Check if composer.lock or composer.json has changed
          if ! git diff --quiet HEAD -- composer.lock composer.json; then
            git add composer.lock composer.json
            # You can customize the commit message
            COMMIT_MSG="Automated: Update Composer dependencies and rebuild lock file [skip ci]"
            git commit -m "${COMMIT_MSG}"

            # Determine the current branch to push to
            BRANCH_NAME=$(git rev-parse --abbrev-ref HEAD)
            echo "Pushing changes to branch ${BRANCH_NAME}..."
            git push origin HEAD:${BRANCH_NAME}
            echo "composer.lock and/or composer.json updated and pushed to ${BRANCH_NAME}."
          else
            echo "No changes to composer.lock or composer.json. Nothing to commit."
          fi
